dependencies:
- name: base
  repository: https://istio-release.storage.googleapis.com/charts
  version: 1.27.1
- name: istiod
  repository: https://istio-release.storage.googleapis.com/charts
  version: 1.27.1
- name: cni
  repository: https://istio-release.storage.googleapis.com/charts
  version: 1.27.1
- name: ztunnel
  repository: https://istio-release.storage.googleapis.com/charts
  version: 1.27.1
digest: sha256:511aa4a0c83db74f108a97163aec8da8a2f7f5f204717aeaa81da22d96db9b74
generated: "2025-09-16T11:03:02.585730051+02:00"
